
Microsoft Visual Studio Solution File, Format Version 12.00
# Visual Studio Version 17
VisualStudioVersion = 17.3.32922.545
MinimumVisualStudioVersion = 10.0.40219.1
Project("{FAE04EC0-301F-11D3-BF4B-00C04F79EFBC}") = "Exercise2Algo", "Exercise2Algo\Exercise2Algo.csproj", "{5BED2324-505F-478D-B6F6-BB79A35E45E7}"
EndProject
Global
	GlobalSection(SolutionConfigurationPlatforms) = preSolution
		Debug|Any CPU = Debug|Any CPU
		Release|Any CPU = Release|Any CPU
	EndGlobalSection
	GlobalSection(ProjectConfigurationPlatforms) = postSolution
		{5BED2324-505F-478D-B6F6-BB79A35E45E7}.Debug|Any CPU.ActiveCfg = Debug|Any CPU
		{5BED2324-505F-478D-B6F6-BB79A35E45E7}.Debug|Any CPU.Build.0 = Debug|Any CPU
		{5BED2324-505F-478D-B6F6-BB79A35E45E7}.Release|Any CPU.ActiveCfg = Release|Any CPU
		{5BED2324-505F-478D-B6F6-BB79A35E45E7}.Release|Any CPU.Build.0 = Release|Any CPU
	EndGlobalSection
	GlobalSection(SolutionProperties) = preSolution
		HideSolutionNode = FALSE
	EndGlobalSection
	GlobalSection(ExtensibilityGlobals) = postSolution
		SolutionGuid = {AF86851C-BA6E-44ED-9902-613324FA7F01}
	EndGlobalSection
EndGlobal
